
Microsoft Visual Studio Solution File, Format Version 12.00
# Visual Studio Version 16
VisualStudioVersion = 16.0.30907.101
MinimumVisualStudioVersion = 10.0.40219.1
Project("{FAE04EC0-301F-11D3-BF4B-00C04F79EFBC}") = "Entities", "Entities\Entities.csproj", "{6E41B194-DD45-47FA-AA7C-B70F08D2671F}"
EndProject
Project("{FAE04EC0-301F-11D3-BF4B-00C04F79EFBC}") = "DataAccess", "DataAccess\DataAccess.csproj", "{A051030E-318F-455A-A8EA-537287265DE9}"
EndProject
Project("{FAE04EC0-301F-11D3-BF4B-00C04F79EFBC}") = "Business", "Business\Business.csproj", "{AE513960-A801-4D6F-9E97-CC0F1DB17507}"
EndProject
Project("{FAE04EC0-301F-11D3-BF4B-00C04F79EFBC}") = "ConsoleUI", "ConsoleUI\ConsoleUI.csproj", "{0B4354CC-EBC3-446B-93A4-D1C1A8ED4F3A}"
EndProject
Global
	GlobalSection(SolutionConfigurationPlatforms) = preSolution
		Debug|Any CPU = Debug|Any CPU
		Release|Any CPU = Release|Any CPU
	EndGlobalSection
	GlobalSection(ProjectConfigurationPlatforms) = postSolution
		{6E41B194-DD45-47FA-AA7C-B70F08D2671F}.Debug|Any CPU.ActiveCfg = Debug|Any CPU
		{6E41B194-DD45-47FA-AA7C-B70F08D2671F}.Debug|Any CPU.Build.0 = Debug|Any CPU
		{6E41B194-DD45-47FA-AA7C-B70F08D2671F}.Release|Any CPU.ActiveCfg = Release|Any CPU
		{6E41B194-DD45-47FA-AA7C-B70F08D2671F}.Release|Any CPU.Build.0 = Release|Any CPU
		{A051030E-318F-455A-A8EA-537287265DE9}.Debug|Any CPU.ActiveCfg = Debug|Any CPU
		{A051030E-318F-455A-A8EA-537287265DE9}.Debug|Any CPU.Build.0 = Debug|Any CPU
		{A051030E-318F-455A-A8EA-537287265DE9}.Release|Any CPU.ActiveCfg = Release|Any CPU
		{A051030E-318F-455A-A8EA-537287265DE9}.Release|Any CPU.Build.0 = Release|Any CPU
		{AE513960-A801-4D6F-9E97-CC0F1DB17507}.Debug|Any CPU.ActiveCfg = Debug|Any CPU
		{AE513960-A801-4D6F-9E97-CC0F1DB17507}.Debug|Any CPU.Build.0 = Debug|Any CPU
		{AE513960-A801-4D6F-9E97-CC0F1DB17507}.Release|Any CPU.ActiveCfg = Release|Any CPU
		{AE513960-A801-4D6F-9E97-CC0F1DB17507}.Release|Any CPU.Build.0 = Release|Any CPU
		{0B4354CC-EBC3-446B-93A4-D1C1A8ED4F3A}.Debug|Any CPU.ActiveCfg = Debug|Any CPU
		{0B4354CC-EBC3-446B-93A4-D1C1A8ED4F3A}.Debug|Any CPU.Build.0 = Debug|Any CPU
		{0B4354CC-EBC3-446B-93A4-D1C1A8ED4F3A}.Release|Any CPU.ActiveCfg = Release|Any CPU
		{0B4354CC-EBC3-446B-93A4-D1C1A8ED4F3A}.Release|Any CPU.Build.0 = Release|Any CPU
	EndGlobalSection
	GlobalSection(SolutionProperties) = preSolution
		HideSolutionNode = FALSE
	EndGlobalSection
	GlobalSection(ExtensibilityGlobals) = postSolution
		SolutionGuid = {1148C0D6-9F7C-4D76-B963-8F51C34C6309}
	EndGlobalSection
EndGlobal
